
Microsoft Visual Studio Solution File, Format Version 12.00
# Visual Studio 15
VisualStudioVersion = 15.0.26730.12
MinimumVisualStudioVersion = 10.0.40219.1
Project("{FAE04EC0-301F-11D3-BF4B-00C04F79EFBC}") = "OnClickEvents", "OnClickEvents\OnClickEvents.csproj", "{44CDFB3E-8DE6-487B-A714-66AEE93DC5A0}"
EndProject
Project("{FAE04EC0-301F-11D3-BF4B-00C04F79EFBC}") = "OnClickEvents.Tests", "OnClickEvents.Tests\OnClickEvents.Tests.csproj", "{67F5611B-7B9B-4DFB-B579-E86156D5A3B9}"
EndProject
Global
	GlobalSection(SolutionConfigurationPlatforms) = preSolution
		Debug|Any CPU = Debug|Any CPU
		Release|Any CPU = Release|Any CPU
	EndGlobalSection
	GlobalSection(ProjectConfigurationPlatforms) = postSolution
		{44CDFB3E-8DE6-487B-A714-66AEE93DC5A0}.Debug|Any CPU.ActiveCfg = Debug|Any CPU
		{44CDFB3E-8DE6-487B-A714-66AEE93DC5A0}.Debug|Any CPU.Build.0 = Debug|Any CPU
		{44CDFB3E-8DE6-487B-A714-66AEE93DC5A0}.Release|Any CPU.ActiveCfg = Release|Any CPU
		{44CDFB3E-8DE6-487B-A714-66AEE93DC5A0}.Release|Any CPU.Build.0 = Release|Any CPU
		{67F5611B-7B9B-4DFB-B579-E86156D5A3B9}.Debug|Any CPU.ActiveCfg = Debug|Any CPU
		{67F5611B-7B9B-4DFB-B579-E86156D5A3B9}.Debug|Any CPU.Build.0 = Debug|Any CPU
		{67F5611B-7B9B-4DFB-B579-E86156D5A3B9}.Release|Any CPU.ActiveCfg = Release|Any CPU
		{67F5611B-7B9B-4DFB-B579-E86156D5A3B9}.Release|Any CPU.Build.0 = Release|Any CPU
	EndGlobalSection
	GlobalSection(SolutionProperties) = preSolution
		HideSolutionNode = FALSE
	EndGlobalSection
	GlobalSection(ExtensibilityGlobals) = postSolution
		SolutionGuid = {24600FEA-E84B-4704-933B-D7B29A1E4D4C}
	EndGlobalSection
EndGlobal
